// !$*UTF8*$!
{
	archiveVersion = 1;
	classes = {
	};
	objectVersion = 46;
	objects = {

/* Begin PBXBuildFile section */
		074151DB1E644ACF002A4635 /* main.m in Sources */ = {isa = PBXBuildFile; fileRef = 074151DA1E644ACF002A4635 /* main.m */; };
		074151DE1E644ACF002A4635 /* AppDelegate.m in Sources */ = {isa = PBXBuildFile; fileRef = 074151DD1E644ACF002A4635 /* AppDelegate.m */; };
		074151E11E644ACF002A4635 /* ViewController.m in Sources */ = {isa = PBXBuildFile; fileRef = 074151E01E644ACF002A4635 /* ViewController.m */; };
		074151E41E644ACF002A4635 /* Main.storyboard in Resources */ = {isa = PBXBuildFile; fileRef = 074151E21E644ACF002A4635 /* Main.storyboard */; };
		074151E71E644ACF002A4635 /* CAShapeLayer_Animation.xcdatamodeld in Sources */ = {isa = PBXBuildFile; fileRef = 074151E51E644ACF002A4635 /* CAShapeLayer_Animation.xcdatamodeld */; };
		074151E91E644ACF002A4635 /* Assets.xcassets in Resources */ = {isa = PBXBuildFile; fileRef = 074151E81E644ACF002A4635 /* Assets.xcassets */; };
		074151EC1E644ACF002A4635 /* LaunchScreen.storyboard in Resources */ = {isa = PBXBuildFile; fileRef = 074151EA1E644ACF002A4635 /* LaunchScreen.storyboard */; };
/* End PBXBuildFile section */

/* Begin PBXFileReference section */
		074151D61E644ACF002A4635 /* CAShapeLayer Animation.app */ = {isa = PBXFileReference; explicitFileType = wrapper.application; includeInIndex = 0; path = "CAShapeLayer Animation.app"; sourceTree = BUILT_PRODUCTS_DIR; };
		074151DA1E644ACF002A4635 /* main.m */ = {isa = PBXFileReference; lastKnownFileType = sourcecode.c.objc; path = main.m; sourceTree = "<group>"; };
		074151DC1E644ACF002A4635 /* AppDelegate.h */ = {isa = PBXFileReference; lastKnownFileType = sourcecode.c.h; path = AppDelegate.h; sourceTree = "<group>"; };
		074151DD1E644ACF002A4635 /* AppDelegate.m */ = {isa = PBXFileReference; lastKnownFileType = sourcecode.c.objc; path = AppDelegate.m; sourceTree = "<group>"; };
		074151DF1E644ACF002A4635 /* ViewController.h */ = {isa = PBXFileReference; lastKnownFileType = sourcecode.c.h; path = ViewController.h; sourceTree = "<group>"; };
		074151E01E644ACF002A4635 /* ViewController.m */ = {isa = PBXFileReference; lastKnownFileType = sourcecode.c.objc; path = ViewController.m; sourceTree = "<group>"; };
		074151E31E644ACF002A4635 /* Base */ = {isa = PBXFileReference; lastKnownFileType = file.storyboard; name = Base; path = Base.lproj/Main.storyboard; sourceTree = "<group>"; };
		074151E61E644ACF002A4635 /* CAShapeLayer_Animation.xcdatamodel */ = {isa = PBXFileReference; lastKnownFileType = wrapper.xcdatamodel; path = CAShapeLayer_Animation.xcdatamodel; sourceTree = "<group>"; };
		074151E81E644ACF002A4635 /* Assets.xcassets */ = {isa = PBXFileReference; lastKnownFileType = folder.assetcatalog; path = Assets.xcassets; sourceTree = "<group>"; };
		074151EB1E644ACF002A4635 /* Base */ = {isa = PBXFileReference; lastKnownFileType = file.storyboard; name = Base; path = Base.lproj/LaunchScreen.storyboard; sourceTree = "<group>"; };
		074151ED1E644ACF002A4635 /* Info.plist */ = {isa = PBXFileReference; lastKnownFileType = text.plist.xml; path = Info.plist; sourceTree = "<group>"; };
/* End PBXFileReference section */

/* Begin PBXFrameworksBuildPhase section */
		074151D31E644ACF002A4635 /* Frameworks */ = {
			isa = PBXFrameworksBuildPhase;
			buildActionMask = 2147483647;
			files = (
			);
			runOnlyForDeploymentPostprocessing = 0;
		};
/* End PBXFrameworksBuildPhase section */

/* Begin PBXGroup section */
		074151CD1E644ACF002A4635 = {
			isa = PBXGroup;
			children = (
				074151D81E644ACF002A4635 /* CAShapeLayer Animation */,
				074151D71E644ACF002A4635 /* Products */,
			);
			sourceTree = "<group>";
		};
		074151D71E644ACF002A4635 /* Products */ = {
			isa = PBXGroup;
			children = (
				074151D61E644ACF002A4635 /* CAShapeLayer Animation.app */,
			);
			name = Products;
			sourceTree = "<group>";
		};
		074151D81E644ACF002A4635 /* CAShapeLayer Animation */ = {
			isa = PBXGroup;
			children = (
				074151DC1E644ACF002A4635 /* AppDelegate.h */,
				074151DD1E644ACF002A4635 /* AppDelegate.m */,
				074151DF1E644ACF002A4635 /* ViewController.h */,
				074151E01E644ACF002A4635 /* ViewController.m */,
				074151E21E644ACF002A4635 /* Main.storyboard */,
				074151E81E644ACF002A4635 /* Assets.xcassets */,
				074151EA1E644ACF002A4635 /* LaunchScreen.storyboard */,
				074151ED1E644ACF002A4635 /* Info.plist */,
				074151E51E644ACF002A4635 /* CAShapeLayer_Animation.xcdatamodeld */,
				074151D91E644ACF002A4635 /* Supporting Files */,
			);
			path = "CAShapeLayer Animation";
			sourceTree = "<group>";
		};
		074151D91E644ACF002A4635 /* Supporting Files */ = {
			isa = PBXGroup;
			children = (
				074151DA1E644ACF002A4635 /* main.m */,
			);
			name = "Supporting Files";
			sourceTree = "<group>";
		};
/* End PBXGroup section */

/* Begin PBXNativeTarget section */
		074151D51E644ACF002A4635 /* CAShapeLayer Animation */ = {
			isa = PBXNativeTarget;
			buildConfigurationList = 074151F01E644ACF002A4635 /* Build configuration list for PBXNativeTarget "CAShapeLayer Animation" */;
			buildPhases = (
				074151D21E644ACF002A4635 /* Sources */,
				074151D31E644ACF002A4635 /* Frameworks */,
				074151D41E644ACF002A4635 /* Resources */,
			);
			buildRules = (
			);
			dependencies = (
			);
			name = "CAShapeLayer Animation";
			productName = "CAShapeLayer Animation";
			productReference = 074151D61E644ACF002A4635 /* CAShapeLayer Animation.app */;
			productType = "com.apple.product-type.application";
		};
/* End PBXNativeTarget section */

/* Begin PBXProject section */
		074151CE1E644ACF002A4635 /* Project object */ = {
			isa = PBXProject;
			attributes = {
				LastUpgradeCheck = 0820;
				ORGANIZATIONNAME = Ferrakkem;
				TargetAttributes = {
					074151D51E644ACF002A4635 = {
						CreatedOnToolsVersion = 8.2.1;
						ProvisioningStyle = Automatic;
					};
				};
			};
			buildConfigurationList = 074151D11E644ACF002A4635 /* Build configuration list for PBXProject "CAShapeLayer Animation" */;
			compatibilityVersion = "Xcode 3.2";
			developmentRegion = English;
			hasScannedForEncodings = 0;
			knownRegions = (
				en,
				Base,
			);
			mainGroup = 074151CD1E644ACF002A4635;
			productRefGroup = 074151D71E644ACF002A4635 /* Products */;
			projectDirPath = "";
			projectRoot = "";
			targets = (
				074151D51E644ACF002A4635 /* CAShapeLayer Animation */,
			);
		};
/* End PBXProject section */

/* Begin PBXResourcesBuildPhase section */
		074151D41E644ACF002A4635 /* Resources */ = {
			isa = PBXResourcesBuildPhase;
			buildActionMask = 2147483647;
			files = (
				074151EC1E644ACF002A4635 /* LaunchScreen.storyboard in Resources */,
				074151E91E644ACF002A4635 /* Assets.xcassets in Resources */,
				074151E41E644ACF002A4635 /* Main.storyboard in Resources */,
			);
			runOnlyForDeploymentPostprocessing = 0;
		};
/* End PBXResourcesBuildPhase section */

/* Begin PBXSourcesBuildPhase section */
		074151D21E644ACF002A4635 /* Sources */ = {
			isa = PBXSourcesBuildPhase;
			buildActionMask = 2147483647;
			files = (
				074151E71E644ACF002A4635 /* CAShapeLayer_Animation.xcdatamodeld in Sources */,
				074151E11E644ACF002A4635 /* ViewController.m in Sources */,
				074151DE1E644ACF002A4635 /* AppDelegate.m in Sources */,
				074151DB1E644ACF002A4635 /* main.m in Sources */,
			);
			runOnlyForDeploymentPostprocessing = 0;
		};
/* End PBXSourcesBuildPhase section */

/* Begin PBXVariantGroup section */
		074151E21E644ACF002A4635 /* Main.storyboard */ = {
			isa = PBXVariantGroup;
			children = (
				074151E31E644ACF002A4635 /* Base */,
			);
			name = Main.storyboard;
			sourceTree = "<group>";
		};
		074151EA1E644ACF002A4635 /* LaunchScreen.storyboard */ = {
			isa = PBXVariantGroup;
			children = (
				074151EB1E644ACF002A4635 /* Base */,
			);
			name = LaunchScreen.storyboard;
			sourceTree = "<group>";
		};
/* End PBXVariantGroup section */

/* Begin XCBuildConfiguration section */
		074151EE1E644ACF002A4635 /* Debug */ = {
			isa = XCBuildConfiguration;
			buildSettings = {
				ALWAYS_SEARCH_USER_PATHS = NO;
				CLANG_ANALYZER_NONNULL = YES;
				CLANG_CXX_LANGUAGE_STANDARD = "gnu++0x";
				CLANG_CXX_LIBRARY = "libc++";
				CLANG_ENABLE_MODULES = YES;
				CLANG_ENABLE_OBJC_ARC = YES;
				CLANG_WARN_BOOL_CONVERSION = YES;
				CLANG_WARN_CONSTANT_CONVERSION = YES;
				CLANG_WARN_DIRECT_OBJC_ISA_USAGE = YES_ERROR;
				CLANG_WARN_DOCUMENTATION_COMMENTS = YES;
				CLANG_WARN_EMPTY_BODY = YES;
				CLANG_WARN_ENUM_CONVERSION = YES;
				CLANG_WARN_INFINITE_RECURSION = YES;
				CLANG_WARN_INT_CONVERSION = YES;
				CLANG_WARN_OBJC_ROOT_CLASS = YES_ERROR;
				CLANG_WARN_SUSPICIOUS_MOVE = YES;
				CLANG_WARN_UNREACHABLE_CODE = YES;
				CLANG_WARN__DUPLICATE_METHOD_MATCH = YES;
				"CODE_SIGN_IDENTITY[sdk=iphoneos*]" = "iPhone Developer";
				COPY_PHASE_STRIP = NO;
				DEBUG_INFORMATION_FORMAT = dwarf;
				ENABLE_STRICT_OBJC_MSGSEND = YES;
				ENABLE_TESTABILITY = YES;
				GCC_C_LANGUAGE_STANDARD = gnu99;
				GCC_DYNAMIC_NO_PIC = NO;
				GCC_NO_COMMON_BLOCKS = YES;
				GCC_OPTIMIZATION_LEVEL = 0;
				GCC_PREPROCESSOR_DEFINITIONS = (
					"DEBUG=1",
					"$(inherited)",
				);
				GCC_WARN_64_TO_32_BIT_CONVERSION = YES;
				GCC_WARN_ABOUT_RETURN_TYPE = YES_ERROR;
				GCC_WARN_UNDECLARED_SELECTOR = YES;
				GCC_WARN_UNINITIALIZED_AUTOS = YES_AGGRESSIVE;
				GCC_WARN_UNUSED_FUNCTION = YES;
				GCC_WARN_UNUSED_VARIABLE = YES;
				IPHONEOS_DEPLOYMENT_TARGET = 10.2;
				MTL_ENABLE_DEBUG_INFO = YES;
				ONLY_ACTIVE_ARCH = YES;
				SDKROOT = iphoneos;
				TARGETED_DEVICE_FAMILY = "1,2";
			};
			name = Debug;
		};
		074151EF1E644ACF002A4635 /* Release */ = {
			isa = XCBuildConfiguration;
			buildSettings = {
				ALWAYS_SEARCH_USER_PATHS = NO;
				CLANG_ANALYZER_NONNULL = YES;
				CLANG_CXX_LANGUAGE_STANDARD = "gnu++0x";
				CLANG_CXX_LIBRARY = "libc++";
				CLANG_ENABLE_MODULES = YES;
				CLANG_ENABLE_OBJC_ARC = YES;
				CLANG_WARN_BOOL_CONVERSION = YES;
				CLANG_WARN_CONSTANT_CONVERSION = YES;
				CLANG_WARN_DIRECT_OBJC_ISA_USAGE = YES_ERROR;
				CLANG_WARN_DOCUMENTATION_COMMENTS = YES;
				CLANG_WARN_EMPTY_BODY = YES;
				CLANG_WARN_ENUM_CONVERSION = YES;
				CLANG_WARN_INFINITE_RECURSION = YES;
				CLANG_WARN_INT_CONVERSION = YES;
				CLANG_WARN_OBJC_ROOT_CLASS = YES_ERROR;
				CLANG_WARN_SUSPICIOUS_MOVE = YES;
				CLANG_WARN_UNREACHABLE_CODE = YES;
				CLANG_WARN__DUPLICATE_METHOD_MATCH = YES;
				"CODE_SIGN_IDENTITY[sdk=iphoneos*]" = "iPhone Developer";
				COPY_PHASE_STRIP = NO;
				DEBUG_INFORMATION_FORMAT = "dwarf-with-dsym";
				ENABLE_NS_ASSERTIONS = NO;
				ENABLE_STRICT_OBJC_MSGSEND = YES;
				GCC_C_LANGUAGE_STANDARD = gnu99;
				GCC_NO_COMMON_BLOCKS = YES;
				GCC_WARN_64_TO_32_BIT_CONVERSION = YES;
				GCC_WARN_ABOUT_RETURN_TYPE = YES_ERROR;
				GCC_WARN_UNDECLARED_SELECTOR = YES;
				GCC_WARN_UNINITIALIZED_AUTOS = YES_AGGRESSIVE;
				GCC_WARN_UNUSED_FUNCTION = YES;
				GCC_WARN_UNUSED_VARIABLE = YES;
				IPHONEOS_DEPLOYMENT_TARGET = 10.2;
				MTL_ENABLE_DEBUG_INFO = NO;
				SDKROOT = iphoneos;
				TARGETED_DEVICE_FAMILY = "1,2";
				VALIDATE_PRODUCT = YES;
			};
			name = Release;
		};
		074151F11E644ACF002A4635 /* Debug */ = {
			isa = XCBuildConfiguration;
			buildSettings = {
				ASSETCATALOG_COMPILER_APPICON_NAME = AppIcon;
				INFOPLIST_FILE = "CAShapeLayer Animation/Info.plist";
				LD_RUNPATH_SEARCH_PATHS = "$(inherited) @executable_path/Frameworks";
				PRODUCT_BUNDLE_IDENTIFIER = "com.ferrakkem.CAShapeLayer-Animation";
				PRODUCT_NAME = "$(TARGET_NAME)";
			};
			name = Debug;
		};
		074151F21E644ACF002A4635 /* Release */ = {
			isa = XCBuildConfiguration;
			buildSettings = {
				ASSETCATALOG_COMPILER_APPICON_NAME = AppIcon;
				INFOPLIST_FILE = "CAShapeLayer Animation/Info.plist";
				LD_RUNPATH_SEARCH_PATHS = "$(inherited) @executable_path/Frameworks";
				PRODUCT_BUNDLE_IDENTIFIER = "com.ferrakkem.CAShapeLayer-Animation";
				PRODUCT_NAME = "$(TARGET_NAME)";
			};
			name = Release;
		};
/* End XCBuildConfiguration section */

/* Begin XCConfigurationList section */
		074151D11E644ACF002A4635 /* Build configuration list for PBXProject "CAShapeLayer Animation" */ = {
			isa = XCConfigurationList;
			buildConfigurations = (
				074151EE1E644ACF002A4635 /* Debug */,
				074151EF1E644ACF002A4635 /* Release */,
			);
			defaultConfigurationIsVisible = 0;
			defaultConfigurationName = Release;
		};
		074151F01E644ACF002A4635 /* Build configuration list for PBXNativeTarget "CAShapeLayer Animation" */ = {
			isa = XCConfigurationList;
			buildConfigurations = (
				074151F11E644ACF002A4635 /* Debug */,
				074151F21E644ACF002A4635 /* Release */,
			);
			defaultConfigurationIsVisible = 0;
		};
/* End XCConfigurationList section */

/* Begin XCVersionGroup section */
		074151E51E644ACF002A4635 /* CAShapeLayer_Animation.xcdatamodeld */ = {
			isa = XCVersionGroup;
			children = (
				074151E61E644ACF002A4635 /* CAShapeLayer_Animation.xcdatamodel */,
			);
			currentVersion = 074151E61E644ACF002A4635 /* CAShapeLayer_Animation.xcdatamodel */;
			path = CAShapeLayer_Animation.xcdatamodeld;
			sourceTree = "<group>";
			versionGroupType = wrapper.xcdatamodel;
		};
/* End XCVersionGroup section */
	};
	rootObject = 074151CE1E644ACF002A4635 /* Project object */;
}
